// !$*UTF8*$!
{
	archiveVersion = 1;
	classes = {
	};
	objectVersion = 56;
	objects = {

/* Begin PBXBuildFile section */
		0144A90581114482AA239E9C /* ProfileSetupView.swift in Sources */ = {isa = PBXBuildFile; fileRef = 5C0C9141DE6446999D1381C6 /* ProfileSetupView.swift */; };
		0B0BEF6C7F4941DB9ACB9661 /* AddBlockSheet.swift in Sources */ = {isa = PBXBuildFile; fileRef = 9F3286B600F544DEA44F23B4 /* AddBlockSheet.swift */; };
		122336F82FACE07500C202C7 /* GoogleService-Info.plist in Resources */ = {isa = PBXBuildFile; fileRef = 122336F72FACE07400C202C7 /* GoogleService-Info.plist */; };
		122336FB2FACE7DD00C202C7 /* FirebaseFirestore in Frameworks */ = {isa = PBXBuildFile; productRef = 122336FA2FACE7DD00C202C7 /* FirebaseFirestore */; };
		234BBCA996F842F182E37FF1 /* AddSubcategorySheet.swift in Sources */ = {isa = PBXBuildFile; fileRef = DEF1D1C9E53C4C3DA1D144DD /* AddSubcategorySheet.swift */; };
		3ED1850E141F48EFA743E55F /* OursApp.swift in Sources */ = {isa = PBXBuildFile; fileRef = CB53715C0EE743DE84089A79 /* OursApp.swift */; };
		51F688653DFF47C48CAC3286 /* AddItemSheet.swift in Sources */ = {isa = PBXBuildFile; fileRef = D537750443184CBF918CA9F1 /* AddItemSheet.swift */; };
		54643A6AB6E34FB49D200AB4 /* HomeView.swift in Sources */ = {isa = PBXBuildFile; fileRef = F30C8ADC648A4092B33C2593 /* HomeView.swift */; };
		6F98A48F14A64F109CDAEA98 /* Assets.xcassets in Resources */ = {isa = PBXBuildFile; fileRef = B1801DDC4BA24186B4FA86E8 /* Assets.xcassets */; };
		89F18327F67A41DE9E0AA45C /* TripDetailView.swift in Sources */ = {isa = PBXBuildFile; fileRef = 3B0EE194721D4BAE9D4BF3B9 /* TripDetailView.swift */; };
		A1B2C3D4E5F6A7B8C9D0E1F2 /* CormorantGaramond-SemiBold.ttf in Resources */ = {isa = PBXBuildFile; fileRef = F1E2D3C4B5A6978869504132 /* CormorantGaramond-SemiBold.ttf */; };
		A22AAE0E33114735815B8C68 /* Color+Hex.swift in Sources */ = {isa = PBXBuildFile; fileRef = 12CD24EDF8374A1BA351ABF7 /* Color+Hex.swift */; };
		AA00001122334455667701BB /* FellowshipTheme.swift in Sources */ = {isa = PBXBuildFile; fileRef = AA00001122334455667702CC /* FellowshipTheme.swift */; };
		AA00001122334455667703DD /* ShoppingIcon.swift in Sources */ = {isa = PBXBuildFile; fileRef = AA00001122334455667704EE /* ShoppingIcon.swift */; };
		AA00001122334455667705FF /* ResorIcon.swift in Sources */ = {isa = PBXBuildFile; fileRef = AA00001122334455667706AA /* ResorIcon.swift */; };
		AA00001122334455667707BB /* EkonomiIcon.swift in Sources */ = {isa = PBXBuildFile; fileRef = AA00001122334455667708CC /* EkonomiIcon.swift */; };
		AA00001122334455667709DD /* KoderIcon.swift in Sources */ = {isa = PBXBuildFile; fileRef = AA0000112233445566770AEE /* KoderIcon.swift */; };
		AA0000112233445566770BFF /* DiscoverIcon.swift in Sources */ = {isa = PBXBuildFile; fileRef = AA0000112233445566770CAA /* DiscoverIcon.swift */; };
		AA0000112233445566770DBB /* ReceptIcon.swift in Sources */ = {isa = PBXBuildFile; fileRef = AA0000112233445566770ECC /* ReceptIcon.swift */; };
		AA00001122334455667710BB /* RecipeDraft.swift in Sources */ = {isa = PBXBuildFile; fileRef = AA00001122334455667711CC /* RecipeDraft.swift */; };
		AA00001122334455667712DD /* RecipeIngredientParser.swift in Sources */ = {isa = PBXBuildFile; fileRef = AA00001122334455667713EE /* RecipeIngredientParser.swift */; };
		AA00001122334455667714FF /* RecipeURLImporter.swift in Sources */ = {isa = PBXBuildFile; fileRef = AA00001122334455667715AA /* RecipeURLImporter.swift */; };
		AA00001122334455667716BB /* RecipePhotoImporter.swift in Sources */ = {isa = PBXBuildFile; fileRef = AA00001122334455667717CC /* RecipePhotoImporter.swift */; };
		AA00001122334455667718DD /* ImagePicker.swift in Sources */ = {isa = PBXBuildFile; fileRef = AA00001122334455667719EE /* ImagePicker.swift */; };
		AA0000112233445566771AFF /* RecipeImportSheet.swift in Sources */ = {isa = PBXBuildFile; fileRef = AA0000112233445566771BAA /* RecipeImportSheet.swift */; };
		AA0000112233445566771CBB /* LineCategoryIcon.swift in Sources */ = {isa = PBXBuildFile; fileRef = AA0000112233445566771DCC /* LineCategoryIcon.swift */; };
		AA0000112233445566771EFF /* GroceryCategorizer.swift in Sources */ = {isa = PBXBuildFile; fileRef = AA0000112233445566771FAA /* GroceryCategorizer.swift */; };
		AA11BB22CC33DD44EE55FF66 /* PairingView.swift in Sources */ = {isa = PBXBuildFile; fileRef = BB22CC33DD44EE55FF6600AA /* PairingView.swift */; };
		B8C333A57E004123B075F177 /* CategoryView.swift in Sources */ = {isa = PBXBuildFile; fileRef = FE37E50521FB4EB993EF5AC6 /* CategoryView.swift */; };
		B8EC860B29FD4F17B0E728AB /* SubcategoryView.swift in Sources */ = {isa = PBXBuildFile; fileRef = FE2051027ECE43319A8E3DDE /* SubcategoryView.swift */; };
		BB33CC44DD55EE66FF7700AA /* CormorantGaramond-Medium.ttf in Resources */ = {isa = PBXBuildFile; fileRef = AA22BB33CC44DD55EE66FF77 /* CormorantGaramond-Medium.ttf */; };
		C38DB51C15394A5C91639B80 /* CloudKitService.swift in Sources */ = {isa = PBXBuildFile; fileRef = C8F461F2AC5C479AB491EE35 /* CloudKitService.swift */; };
		C8B6863CA8544581B8FB904E /* AppModels.swift in Sources */ = {isa = PBXBuildFile; fileRef = 0CA45C7AF3A743E193534DAB /* AppModels.swift */; };
		CC44DD55EE66FF7700AA11BB /* EkonomiView.swift in Sources */ = {isa = PBXBuildFile; fileRef = DD55EE66FF7700AA11BB22CC /* EkonomiView.swift */; };
		DD55EE66FF7700AABB22CC33 /* JetBrainsMono-Regular.ttf in Resources */ = {isa = PBXBuildFile; fileRef = CC44DD55EE66FF7700AABB11 /* JetBrainsMono-Regular.ttf */; };
		EE77FF8800AA11BB22CC3344 /* ClayIcon.swift in Sources */ = {isa = PBXBuildFile; fileRef = FF8800AA11BB22CC33DD4455 /* ClayIcon.swift */; };
		F0FA77ADB2AA4D1CB46A1BB7 /* AppViewModel.swift in Sources */ = {isa = PBXBuildFile; fileRef = 67E719FEBE6F471682055A15 /* AppViewModel.swift */; };
/* End PBXBuildFile section */

/* Begin PBXFileReference section */
		0CA45C7AF3A743E193534DAB /* AppModels.swift */ = {isa = PBXFileReference; lastKnownFileType = sourcecode.swift; name = AppModels.swift; path = Ours/Models/AppModels.swift; sourceTree = SOURCE_ROOT; };
		0FF697C06A87420F9DB98869 /* Ours.entitlements */ = {isa = PBXFileReference; lastKnownFileType = text.plist.entitlements; name = Ours.entitlements; path = Ours/Ours.entitlements; sourceTree = SOURCE_ROOT; };
		122336F72FACE07400C202C7 /* GoogleService-Info.plist */ = {isa = PBXFileReference; lastKnownFileType = text.plist.xml; path = "GoogleService-Info.plist"; sourceTree = "<group>"; };
		12CD24EDF8374A1BA351ABF7 /* Color+Hex.swift */ = {isa = PBXFileReference; lastKnownFileType = sourcecode.swift; name = "Color+Hex.swift"; path = "Ours/Extensions/Color+Hex.swift"; sourceTree = SOURCE_ROOT; };
		3B0EE194721D4BAE9D4BF3B9 /* TripDetailView.swift */ = {isa = PBXFileReference; lastKnownFileType = sourcecode.swift; name = TripDetailView.swift; path = Ours/Views/TripDetailView.swift; sourceTree = SOURCE_ROOT; };
		5C0C9141DE6446999D1381C6 /* ProfileSetupView.swift */ = {isa = PBXFileReference; lastKnownFileType = sourcecode.swift; name = ProfileSetupView.swift; path = Ours/Views/ProfileSetupView.swift; sourceTree = SOURCE_ROOT; };
		67E719FEBE6F471682055A15 /* AppViewModel.swift */ = {isa = PBXFileReference; lastKnownFileType = sourcecode.swift; name = AppViewModel.swift; path = Ours/ViewModels/AppViewModel.swift; sourceTree = SOURCE_ROOT; };
		9F3286B600F544DEA44F23B4 /* AddBlockSheet.swift */ = {isa = PBXFileReference; lastKnownFileType = sourcecode.swift; name = AddBlockSheet.swift; path = Ours/Views/AddBlockSheet.swift; sourceTree = SOURCE_ROOT; };
		A4FD1527282B48B187895B1C /* Ours.app */ = {isa = PBXFileReference; explicitFileType = wrapper.application; includeInIndex = 0; path = Ours.app; sourceTree = BUILT_PRODUCTS_DIR; };
		AA00001122334455667702CC /* FellowshipTheme.swift */ = {isa = PBXFileReference; lastKnownFileType = sourcecode.swift; name = FellowshipTheme.swift; path = Ours/Views/FellowshipTheme.swift; sourceTree = SOURCE_ROOT; };
		AA00001122334455667704EE /* ShoppingIcon.swift */ = {isa = PBXFileReference; lastKnownFileType = sourcecode.swift; name = ShoppingIcon.swift; path = Ours/Views/ShoppingIcon.swift; sourceTree = SOURCE_ROOT; };
		AA00001122334455667706AA /* ResorIcon.swift */ = {isa = PBXFileReference; lastKnownFileType = sourcecode.swift; name = ResorIcon.swift; path = Ours/Views/ResorIcon.swift; sourceTree = SOURCE_ROOT; };
		AA00001122334455667708CC /* EkonomiIcon.swift */ = {isa = PBXFileReference; lastKnownFileType = sourcecode.swift; name = EkonomiIcon.swift; path = Ours/Views/EkonomiIcon.swift; sourceTree = SOURCE_ROOT; };
		AA0000112233445566770AEE /* KoderIcon.swift */ = {isa = PBXFileReference; lastKnownFileType = sourcecode.swift; name = KoderIcon.swift; path = Ours/Views/KoderIcon.swift; sourceTree = SOURCE_ROOT; };
		AA0000112233445566770CAA /* DiscoverIcon.swift */ = {isa = PBXFileReference; lastKnownFileType = sourcecode.swift; name = DiscoverIcon.swift; path = Ours/Views/DiscoverIcon.swift; sourceTree = SOURCE_ROOT; };
		AA0000112233445566770ECC /* ReceptIcon.swift */ = {isa = PBXFileReference; lastKnownFileType = sourcecode.swift; name = ReceptIcon.swift; path = Ours/Views/ReceptIcon.swift; sourceTree = SOURCE_ROOT; };
		AA00001122334455667711CC /* RecipeDraft.swift */ = {isa = PBXFileReference; lastKnownFileType = sourcecode.swift; name = RecipeDraft.swift; path = Ours/Models/RecipeDraft.swift; sourceTree = SOURCE_ROOT; };
		AA00001122334455667713EE /* RecipeIngredientParser.swift */ = {isa = PBXFileReference; lastKnownFileType = sourcecode.swift; name = RecipeIngredientParser.swift; path = Ours/Services/RecipeIngredientParser.swift; sourceTree = SOURCE_ROOT; };
		AA00001122334455667715AA /* RecipeURLImporter.swift */ = {isa = PBXFileReference; lastKnownFileType = sourcecode.swift; name = RecipeURLImporter.swift; path = Ours/Services/RecipeURLImporter.swift; sourceTree = SOURCE_ROOT; };
		AA00001122334455667717CC /* RecipePhotoImporter.swift */ = {isa = PBXFileReference; lastKnownFileType = sourcecode.swift; name = RecipePhotoImporter.swift; path = Ours/Services/RecipePhotoImporter.swift; sourceTree = SOURCE_ROOT; };
		AA00001122334455667719EE /* ImagePicker.swift */ = {isa = PBXFileReference; lastKnownFileType = sourcecode.swift; name = ImagePicker.swift; path = Ours/Views/ImagePicker.swift; sourceTree = SOURCE_ROOT; };
		AA0000112233445566771BAA /* RecipeImportSheet.swift */ = {isa = PBXFileReference; lastKnownFileType = sourcecode.swift; name = RecipeImportSheet.swift; path = Ours/Views/RecipeImportSheet.swift; sourceTree = SOURCE_ROOT; };
		AA0000112233445566771DCC /* LineCategoryIcon.swift */ = {isa = PBXFileReference; lastKnownFileType = sourcecode.swift; name = LineCategoryIcon.swift; path = Ours/Views/LineCategoryIcon.swift; sourceTree = SOURCE_ROOT; };
		AA0000112233445566771FAA /* GroceryCategorizer.swift */ = {isa = PBXFileReference; lastKnownFileType = sourcecode.swift; name = GroceryCategorizer.swift; path = Ours/Services/GroceryCategorizer.swift; sourceTree = SOURCE_ROOT; };
		AA22BB33CC44DD55EE66FF77 /* CormorantGaramond-Medium.ttf */ = {isa = PBXFileReference; lastKnownFileType = file; name = "CormorantGaramond-Medium.ttf"; path = "Ours/Fonts/CormorantGaramond-Medium.ttf"; sourceTree = SOURCE_ROOT; };
		B1801DDC4BA24186B4FA86E8 /* Assets.xcassets */ = {isa = PBXFileReference; lastKnownFileType = folder.assetcatalog; name = Assets.xcassets; path = Ours/Assets.xcassets; sourceTree = SOURCE_ROOT; };
		BB22CC33DD44EE55FF6600AA /* PairingView.swift */ = {isa = PBXFileReference; lastKnownFileType = sourcecode.swift; name = PairingView.swift; path = Ours/Views/PairingView.swift; sourceTree = SOURCE_ROOT; };
		C8F461F2AC5C479AB491EE35 /* CloudKitService.swift */ = {isa = PBXFileReference; lastKnownFileType = sourcecode.swift; name = CloudKitService.swift; path = Ours/Services/CloudKitService.swift; sourceTree = SOURCE_ROOT; };
		CB53715C0EE743DE84089A79 /* OursApp.swift */ = {isa = PBXFileReference; lastKnownFileType = sourcecode.swift; name = OursApp.swift; path = Ours/OursApp.swift; sourceTree = SOURCE_ROOT; };
		CC44DD55EE66FF7700AABB11 /* JetBrainsMono-Regular.ttf */ = {isa = PBXFileReference; lastKnownFileType = file; name = "JetBrainsMono-Regular.ttf"; path = "Ours/Fonts/JetBrainsMono-Regular.ttf"; sourceTree = SOURCE_ROOT; };
		D537750443184CBF918CA9F1 /* AddItemSheet.swift */ = {isa = PBXFileReference; lastKnownFileType = sourcecode.swift; name = AddItemSheet.swift; path = Ours/Views/AddItemSheet.swift; sourceTree = SOURCE_ROOT; };
		DD55EE66FF7700AA11BB22CC /* EkonomiView.swift */ = {isa = PBXFileReference; lastKnownFileType = sourcecode.swift; name = EkonomiView.swift; path = Ours/Views/EkonomiView.swift; sourceTree = SOURCE_ROOT; };
		DEF1D1C9E53C4C3DA1D144DD /* AddSubcategorySheet.swift */ = {isa = PBXFileReference; lastKnownFileType = sourcecode.swift; name = AddSubcategorySheet.swift; path = Ours/Views/AddSubcategorySheet.swift; sourceTree = SOURCE_ROOT; };
		F1E2D3C4B5A6978869504132 /* CormorantGaramond-SemiBold.ttf */ = {isa = PBXFileReference; lastKnownFileType = file; name = "CormorantGaramond-SemiBold.ttf"; path = "Ours/Fonts/CormorantGaramond-SemiBold.ttf"; sourceTree = SOURCE_ROOT; };
		F30C8ADC648A4092B33C2593 /* HomeView.swift */ = {isa = PBXFileReference; lastKnownFileType = sourcecode.swift; name = HomeView.swift; path = Ours/Views/HomeView.swift; sourceTree = SOURCE_ROOT; };
		FE2051027ECE43319A8E3DDE /* SubcategoryView.swift */ = {isa = PBXFileReference; lastKnownFileType = sourcecode.swift; name = SubcategoryView.swift; path = Ours/Views/SubcategoryView.swift; sourceTree = SOURCE_ROOT; };
		FE37E50521FB4EB993EF5AC6 /* CategoryView.swift */ = {isa = PBXFileReference; lastKnownFileType = sourcecode.swift; name = CategoryView.swift; path = Ours/Views/CategoryView.swift; sourceTree = SOURCE_ROOT; };
		FF8800AA11BB22CC33DD4455 /* ClayIcon.swift */ = {isa = PBXFileReference; lastKnownFileType = sourcecode.swift; name = ClayIcon.swift; path = Ours/Views/ClayIcon.swift; sourceTree = SOURCE_ROOT; };
/* End PBXFileReference section */

/* Begin PBXFrameworksBuildPhase section */
		5A337CA07E5F42AA8E5C9E62 /* Frameworks */ = {
			isa = PBXFrameworksBuildPhase;
			buildActionMask = 2147483647;
			files = (
				122336FB2FACE7DD00C202C7 /* FirebaseFirestore in Frameworks */,
			);
			runOnlyForDeploymentPostprocessing = 0;
		};
/* End PBXFrameworksBuildPhase section */

/* Begin PBXGroup section */
		0317C16B1B2E477B8E783403 /* Ours */ = {
			isa = PBXGroup;
			children = (
				CB53715C0EE743DE84089A79 /* OursApp.swift */,
				2412BE25EF10448E9B0EAF85 /* Models */,
				93CA4E67348A459BBC42DA5F /* Services */,
				C3A8C601EDCF4C419E9314B2 /* ViewModels */,
				4DF035D07589430CA2AF04DD /* Views */,
				4D988BA0F9D740F9A9C9C8BA /* Extensions */,
				B1801DDC4BA24186B4FA86E8 /* Assets.xcassets */,
				C9D8E7F6A5B4C3D2E1F09876 /* Fonts */,
				0FF697C06A87420F9DB98869 /* Ours.entitlements */,
			);
			path = Ours;
			sourceTree = "<group>";
		};
		19F3FB9506654F038DDF7BA1 /* Products */ = {
			isa = PBXGroup;
			children = (
				A4FD1527282B48B187895B1C /* Ours.app */,
			);
			name = Products;
			sourceTree = "<group>";
		};
		2412BE25EF10448E9B0EAF85 /* Models */ = {
			isa = PBXGroup;
			children = (
				0CA45C7AF3A743E193534DAB /* AppModels.swift */,
				AA00001122334455667711CC /* RecipeDraft.swift */,
			);
			path = Models;
			sourceTree = "<group>";
		};
		4D988BA0F9D740F9A9C9C8BA /* Extensions */ = {
			isa = PBXGroup;
			children = (
				12CD24EDF8374A1BA351ABF7 /* Color+Hex.swift */,
			);
			path = Extensions;
			sourceTree = "<group>";
		};
		4DF035D07589430CA2AF04DD /* Views */ = {
			isa = PBXGroup;
			children = (
				F30C8ADC648A4092B33C2593 /* HomeView.swift */,
				FF8800AA11BB22CC33DD4455 /* ClayIcon.swift */,
				AA00001122334455667702CC /* FellowshipTheme.swift */,
				AA00001122334455667704EE /* ShoppingIcon.swift */,
				AA00001122334455667706AA /* ResorIcon.swift */,
				AA00001122334455667708CC /* EkonomiIcon.swift */,
				AA0000112233445566770AEE /* KoderIcon.swift */,
				AA0000112233445566770CAA /* DiscoverIcon.swift */,
				AA0000112233445566770ECC /* ReceptIcon.swift */,
				FE37E50521FB4EB993EF5AC6 /* CategoryView.swift */,
				FE2051027ECE43319A8E3DDE /* SubcategoryView.swift */,
				DEF1D1C9E53C4C3DA1D144DD /* AddSubcategorySheet.swift */,
				D537750443184CBF918CA9F1 /* AddItemSheet.swift */,
				3B0EE194721D4BAE9D4BF3B9 /* TripDetailView.swift */,
				9F3286B600F544DEA44F23B4 /* AddBlockSheet.swift */,
				5C0C9141DE6446999D1381C6 /* ProfileSetupView.swift */,
				BB22CC33DD44EE55FF6600AA /* PairingView.swift */,
				DD55EE66FF7700AA11BB22CC /* EkonomiView.swift */,
				AA00001122334455667719EE /* ImagePicker.swift */,
				AA0000112233445566771BAA /* RecipeImportSheet.swift */,
				AA0000112233445566771DCC /* LineCategoryIcon.swift */,
			);
			path = Views;
			sourceTree = "<group>";
		};
		93CA4E67348A459BBC42DA5F /* Services */ = {
			isa = PBXGroup;
			children = (
				C8F461F2AC5C479AB491EE35 /* CloudKitService.swift */,
				AA00001122334455667713EE /* RecipeIngredientParser.swift */,
				AA00001122334455667715AA /* RecipeURLImporter.swift */,
				AA00001122334455667717CC /* RecipePhotoImporter.swift */,
				AA0000112233445566771FAA /* GroceryCategorizer.swift */,
			);
			path = Services;
			sourceTree = "<group>";
		};
		C3A8C601EDCF4C419E9314B2 /* ViewModels */ = {
			isa = PBXGroup;
			children = (
				67E719FEBE6F471682055A15 /* AppViewModel.swift */,
			);
			path = ViewModels;
			sourceTree = "<group>";
		};
		C9D8E7F6A5B4C3D2E1F09876 /* Fonts */ = {
			isa = PBXGroup;
			children = (
				F1E2D3C4B5A6978869504132 /* CormorantGaramond-SemiBold.ttf */,
				AA22BB33CC44DD55EE66FF77 /* CormorantGaramond-Medium.ttf */,
				CC44DD55EE66FF7700AABB11 /* JetBrainsMono-Regular.ttf */,
			);
			path = Fonts;
			sourceTree = "<group>";
		};
		F39B15DDE7264D8FBFCCFB03 = {
			isa = PBXGroup;
			children = (
				122336F72FACE07400C202C7 /* GoogleService-Info.plist */,
				0317C16B1B2E477B8E783403 /* Ours */,
				19F3FB9506654F038DDF7BA1 /* Products */,
			);
			sourceTree = "<group>";
		};
/* End PBXGroup section */

/* Begin PBXNativeTarget section */
		4643FB0971424921B64C3535 /* Ours */ = {
			isa = PBXNativeTarget;
			buildConfigurationList = 45738159F2DE4D3AA9CB47A9 /* Build configuration list for PBXNativeTarget "Ours" */;
			buildPhases = (
				FF56A2BA85274D1C8DAEFE44 /* Sources */,
				5A337CA07E5F42AA8E5C9E62 /* Frameworks */,
				7986F8FCB7D74FB9B5D36B4D /* Resources */,
			);
			buildRules = (
			);
			dependencies = (
			);
			name = Ours;
			productName = Ours;
			productReference = A4FD1527282B48B187895B1C /* Ours.app */;
			productType = "com.apple.product-type.application";
		};
/* End PBXNativeTarget section */

/* Begin PBXProject section */
		685F592B86FB4CC8BE9DE55C /* Project object */ = {
			isa = PBXProject;
			attributes = {
				BuildIndependentTargetsInParallel = 1;
				LastSwiftUpdateCheck = 1600;
				LastUpgradeCheck = 1600;
				TargetAttributes = {
					4643FB0971424921B64C3535 = {
						CreatedOnToolsVersion = 16.0;
					};
				};
			};
			buildConfigurationList = D188B7B5CF594CFFBB320CCB /* Build configuration list for PBXProject "Ours" */;
			compatibilityVersion = "Xcode 14.0";
			developmentRegion = en;
			hasScannedForEncodings = 0;
			knownRegions = (
				en,
				Base,
			);
			mainGroup = F39B15DDE7264D8FBFCCFB03;
			packageReferences = (
				122336F92FACE7DD00C202C7 /* XCRemoteSwiftPackageReference "firebase-ios-sdk" */,
			);
			productRefGroup = 19F3FB9506654F038DDF7BA1 /* Products */;
			projectDirPath = "";
			projectRoot = "";
			targets = (
				4643FB0971424921B64C3535 /* Ours */,
			);
		};
/* End PBXProject section */

/* Begin PBXResourcesBuildPhase section */
		7986F8FCB7D74FB9B5D36B4D /* Resources */ = {
			isa = PBXResourcesBuildPhase;
			buildActionMask = 2147483647;
			files = (
				6F98A48F14A64F109CDAEA98 /* Assets.xcassets in Resources */,
				A1B2C3D4E5F6A7B8C9D0E1F2 /* CormorantGaramond-SemiBold.ttf in Resources */,
				BB33CC44DD55EE66FF7700AA /* CormorantGaramond-Medium.ttf in Resources */,
				DD55EE66FF7700AABB22CC33 /* JetBrainsMono-Regular.ttf in Resources */,
				122336F82FACE07500C202C7 /* GoogleService-Info.plist in Resources */,
			);
			runOnlyForDeploymentPostprocessing = 0;
		};
/* End PBXResourcesBuildPhase section */

/* Begin PBXSourcesBuildPhase section */
		FF56A2BA85274D1C8DAEFE44 /* Sources */ = {
			isa = PBXSourcesBuildPhase;
			buildActionMask = 2147483647;
			files = (
				3ED1850E141F48EFA743E55F /* OursApp.swift in Sources */,
				C8B6863CA8544581B8FB904E /* AppModels.swift in Sources */,
				C38DB51C15394A5C91639B80 /* CloudKitService.swift in Sources */,
				F0FA77ADB2AA4D1CB46A1BB7 /* AppViewModel.swift in Sources */,
				54643A6AB6E34FB49D200AB4 /* HomeView.swift in Sources */,
				EE77FF8800AA11BB22CC3344 /* ClayIcon.swift in Sources */,
				AA00001122334455667701BB /* FellowshipTheme.swift in Sources */,
				AA00001122334455667703DD /* ShoppingIcon.swift in Sources */,
				AA00001122334455667705FF /* ResorIcon.swift in Sources */,
				AA00001122334455667707BB /* EkonomiIcon.swift in Sources */,
				AA00001122334455667709DD /* KoderIcon.swift in Sources */,
				AA0000112233445566770BFF /* DiscoverIcon.swift in Sources */,
				AA0000112233445566770DBB /* ReceptIcon.swift in Sources */,
				B8C333A57E004123B075F177 /* CategoryView.swift in Sources */,
				B8EC860B29FD4F17B0E728AB /* SubcategoryView.swift in Sources */,
				234BBCA996F842F182E37FF1 /* AddSubcategorySheet.swift in Sources */,
				51F688653DFF47C48CAC3286 /* AddItemSheet.swift in Sources */,
				0144A90581114482AA239E9C /* ProfileSetupView.swift in Sources */,
				89F18327F67A41DE9E0AA45C /* TripDetailView.swift in Sources */,
				0B0BEF6C7F4941DB9ACB9661 /* AddBlockSheet.swift in Sources */,
				A22AAE0E33114735815B8C68 /* Color+Hex.swift in Sources */,
				AA11BB22CC33DD44EE55FF66 /* PairingView.swift in Sources */,
				CC44DD55EE66FF7700AA11BB /* EkonomiView.swift in Sources */,
				AA00001122334455667710BB /* RecipeDraft.swift in Sources */,
				AA00001122334455667712DD /* RecipeIngredientParser.swift in Sources */,
				AA00001122334455667714FF /* RecipeURLImporter.swift in Sources */,
				AA00001122334455667716BB /* RecipePhotoImporter.swift in Sources */,
				AA00001122334455667718DD /* ImagePicker.swift in Sources */,
				AA0000112233445566771AFF /* RecipeImportSheet.swift in Sources */,
				AA0000112233445566771CBB /* LineCategoryIcon.swift in Sources */,
				AA0000112233445566771EFF /* GroceryCategorizer.swift in Sources */,
			);
			runOnlyForDeploymentPostprocessing = 0;
		};
/* End PBXSourcesBuildPhase section */

/* Begin XCBuildConfiguration section */
		06C34A5CDCDE4633925B5DB6 /* Debug */ = {
			isa = XCBuildConfiguration;
			buildSettings = {
				ASSETCATALOG_COMPILER_APPICON_NAME = AppIcon;
				CODE_SIGN_ENTITLEMENTS = Ours/Ours.entitlements;
				CODE_SIGN_STYLE = Automatic;
				CURRENT_PROJECT_VERSION = 6;
				DEVELOPMENT_TEAM = R4JS7Y3H9L;
				GENERATE_INFOPLIST_FILE = NO;
				INFOPLIST_FILE = Ours/Info.plist;
				LD_RUNPATH_SEARCH_PATHS = (
					"$(inherited)",
					"@executable_path/Frameworks",
				);
				MARKETING_VERSION = 1.0;
				PRODUCT_BUNDLE_IDENTIFIER = com.martinhernblad.ours;
				PRODUCT_NAME = "$(TARGET_NAME)";
				SWIFT_EMIT_LOC_STRINGS = YES;
				SWIFT_VERSION = 5.0;
				TARGETED_DEVICE_FAMILY = 1;
			};
			name = Debug;
		};
		0A645E500CB34D169A867E58 /* Debug */ = {
			isa = XCBuildConfiguration;
			buildSettings = {
				ALWAYS_SEARCH_USER_PATHS = NO;
				CLANG_ANALYZER_NONNULL = YES;
				CLANG_ANALYZER_NUMBER_OBJECT_CONVERSION = YES_AGGRESSIVE;
				CLANG_CXX_LANGUAGE_STANDARD = "gnu++20";
				CLANG_ENABLE_MODULES = YES;
				CLANG_ENABLE_OBJC_ARC = YES;
				CLANG_ENABLE_OBJC_WEAK = YES;
				CLANG_WARN_BLOCK_CAPTURE_AUTORELEASING = YES;
				CLANG_WARN_BOOL_CONVERSION = YES;
				CLANG_WARN_COMMA = YES;
				CLANG_WARN_CONSTANT_CONVERSION = YES;
				CLANG_WARN_DEPRECATED_OBJC_IMPLEMENTATIONS = YES;
				CLANG_WARN_DIRECT_OBJC_ISA_USAGE = YES_ERROR;
				CLANG_WARN_DOCUMENTATION_COMMENTS = YES;
				CLANG_WARN_EMPTY_BODY = YES;
				CLANG_WARN_ENUM_CONVERSION = YES;
				CLANG_WARN_INFINITE_RECURSION = YES;
				CLANG_WARN_INT_CONVERSION = YES;
				CLANG_WARN_NON_LITERAL_NULL_CONVERSION = YES;
				CLANG_WARN_OBJC_IMPLICIT_RETAIN_CYCLE = YES;
				CLANG_WARN_OBJC_LITERAL_CONVERSION = YES;
				CLANG_WARN_OBJC_ROOT_CLASS = YES_ERROR;
				CLANG_WARN_QUOTED_INCLUDE_IN_FRAMEWORK_HEADER = YES;
				CLANG_WARN_RANGE_LOOP_ANALYSIS = YES;
				CLANG_WARN_STRICT_PROTOTYPES = YES;
				CLANG_WARN_SUSPICIOUS_MOVE = YES;
				CLANG_WARN_UNGUARDED_AVAILABILITY = YES_AGGRESSIVE;
				CLANG_WARN_UNREACHABLE_CODE = YES;
				CLANG_WARN__DUPLICATE_METHOD_MATCH = YES;
				COPY_PHASE_STRIP = NO;
				DEBUG_INFORMATION_FORMAT = dwarf;
				ENABLE_STRICT_OBJC_MSGSEND = YES;
				ENABLE_TESTABILITY = YES;
				GCC_C_LANGUAGE_STANDARD = gnu11;
				GCC_DYNAMIC_NO_PIC = NO;
				GCC_NO_COMMON_BLOCKS = YES;
				GCC_OPTIMIZATION_LEVEL = 0;
				GCC_PREPROCESSOR_DEFINITIONS = (
					"DEBUG=1",
					"$(inherited)",
				);
				GCC_WARN_64_TO_32_BIT_CONVERSION = YES;
				GCC_WARN_ABOUT_RETURN_TYPE = YES_ERROR;
				GCC_WARN_UNDECLARED_SELECTOR = YES;
				GCC_WARN_UNINITIALIZED_AUTOS = YES_AGGRESSIVE;
				GCC_WARN_UNUSED_FUNCTION = YES;
				GCC_WARN_UNUSED_VARIABLE = YES;
				IPHONEOS_DEPLOYMENT_TARGET = 17.0;
				MTL_ENABLE_DEBUG_INFO = INCLUDE_SOURCE;
				MTL_FAST_MATH = YES;
				ONLY_ACTIVE_ARCH = YES;
				SDKROOT = iphoneos;
				SWIFT_ACTIVE_COMPILATION_CONDITIONS = DEBUG;
				SWIFT_OPTIMIZATION_LEVEL = "-Onone";
			};
			name = Debug;
		};
		27E70B38B26E48F8A0FB1181 /* Release */ = {
			isa = XCBuildConfiguration;
			buildSettings = {
				ALWAYS_SEARCH_USER_PATHS = NO;
				CLANG_ANALYZER_NONNULL = YES;
				CLANG_ANALYZER_NUMBER_OBJECT_CONVERSION = YES_AGGRESSIVE;
				CLANG_CXX_LANGUAGE_STANDARD = "gnu++20";
				CLANG_ENABLE_MODULES = YES;
				CLANG_ENABLE_OBJC_ARC = YES;
				CLANG_ENABLE_OBJC_WEAK = YES;
				CLANG_WARN_BLOCK_CAPTURE_AUTORELEASING = YES;
				CLANG_WARN_BOOL_CONVERSION = YES;
				CLANG_WARN_COMMA = YES;
				CLANG_WARN_CONSTANT_CONVERSION = YES;
				CLANG_WARN_DEPRECATED_OBJC_IMPLEMENTATIONS = YES;
				CLANG_WARN_DIRECT_OBJC_ISA_USAGE = YES_ERROR;
				CLANG_WARN_DOCUMENTATION_COMMENTS = YES;
				CLANG_WARN_EMPTY_BODY = YES;
				CLANG_WARN_ENUM_CONVERSION = YES;
				CLANG_WARN_INFINITE_RECURSION = YES;
				CLANG_WARN_INT_CONVERSION = YES;
				CLANG_WARN_NON_LITERAL_NULL_CONVERSION = YES;
				CLANG_WARN_OBJC_IMPLICIT_RETAIN_CYCLE = YES;
				CLANG_WARN_OBJC_LITERAL_CONVERSION = YES;
				CLANG_WARN_OBJC_ROOT_CLASS = YES_ERROR;
				CLANG_WARN_QUOTED_INCLUDE_IN_FRAMEWORK_HEADER = YES;
				CLANG_WARN_RANGE_LOOP_ANALYSIS = YES;
				CLANG_WARN_STRICT_PROTOTYPES = YES;
				CLANG_WARN_SUSPICIOUS_MOVE = YES;
				CLANG_WARN_UNGUARDED_AVAILABILITY = YES_AGGRESSIVE;
				CLANG_WARN_UNREACHABLE_CODE = YES;
				CLANG_WARN__DUPLICATE_METHOD_MATCH = YES;
				COPY_PHASE_STRIP = NO;
				DEBUG_INFORMATION_FORMAT = "dwarf-with-dsym";
				ENABLE_NS_ASSERTIONS = NO;
				ENABLE_STRICT_OBJC_MSGSEND = YES;
				GCC_C_LANGUAGE_STANDARD = gnu11;
				GCC_NO_COMMON_BLOCKS = YES;
				GCC_WARN_64_TO_32_BIT_CONVERSION = YES;
				GCC_WARN_ABOUT_RETURN_TYPE = YES_ERROR;
				GCC_WARN_UNDECLARED_SELECTOR = YES;
				GCC_WARN_UNINITIALIZED_AUTOS = YES_AGGRESSIVE;
				GCC_WARN_UNUSED_FUNCTION = YES;
				GCC_WARN_UNUSED_VARIABLE = YES;
				IPHONEOS_DEPLOYMENT_TARGET = 17.0;
				MTL_FAST_MATH = YES;
				SDKROOT = iphoneos;
				SWIFT_COMPILATION_MODE = wholemodule;
				SWIFT_OPTIMIZATION_LEVEL = "-O";
				VALIDATE_PRODUCT = YES;
			};
			name = Release;
		};
		F5E63D7B0AD24308BDA4E909 /* Release */ = {
			isa = XCBuildConfiguration;
			buildSettings = {
				ASSETCATALOG_COMPILER_APPICON_NAME = AppIcon;
				CODE_SIGN_ENTITLEMENTS = Ours/Ours.entitlements;
				CODE_SIGN_STYLE = Automatic;
				CURRENT_PROJECT_VERSION = 6;
				DEVELOPMENT_TEAM = R4JS7Y3H9L;
				GENERATE_INFOPLIST_FILE = NO;
				INFOPLIST_FILE = Ours/Info.plist;
				LD_RUNPATH_SEARCH_PATHS = (
					"$(inherited)",
					"@executable_path/Frameworks",
				);
				MARKETING_VERSION = 1.0;
				PRODUCT_BUNDLE_IDENTIFIER = com.martinhernblad.ours;
				PRODUCT_NAME = "$(TARGET_NAME)";
				SWIFT_EMIT_LOC_STRINGS = YES;
				SWIFT_VERSION = 5.0;
				TARGETED_DEVICE_FAMILY = 1;
			};
			name = Release;
		};
/* End XCBuildConfiguration section */

/* Begin XCConfigurationList section */
		45738159F2DE4D3AA9CB47A9 /* Build configuration list for PBXNativeTarget "Ours" */ = {
			isa = XCConfigurationList;
			buildConfigurations = (
				06C34A5CDCDE4633925B5DB6 /* Debug */,
				F5E63D7B0AD24308BDA4E909 /* Release */,
			);
			defaultConfigurationIsVisible = 0;
			defaultConfigurationName = Release;
		};
		D188B7B5CF594CFFBB320CCB /* Build configuration list for PBXProject "Ours" */ = {
			isa = XCConfigurationList;
			buildConfigurations = (
				0A645E500CB34D169A867E58 /* Debug */,
				27E70B38B26E48F8A0FB1181 /* Release */,
			);
			defaultConfigurationIsVisible = 0;
			defaultConfigurationName = Release;
		};
/* End XCConfigurationList section */

/* Begin XCRemoteSwiftPackageReference section */
		122336F92FACE7DD00C202C7 /* XCRemoteSwiftPackageReference "firebase-ios-sdk" */ = {
			isa = XCRemoteSwiftPackageReference;
			repositoryURL = "https://github.com/firebase/firebase-ios-sdk";
			requirement = {
				kind = upToNextMajorVersion;
				minimumVersion = 12.13.0;
			};
		};
/* End XCRemoteSwiftPackageReference section */

/* Begin XCSwiftPackageProductDependency section */
		122336FA2FACE7DD00C202C7 /* FirebaseFirestore */ = {
			isa = XCSwiftPackageProductDependency;
			package = 122336F92FACE7DD00C202C7 /* XCRemoteSwiftPackageReference "firebase-ios-sdk" */;
			productName = FirebaseFirestore;
		};
/* End XCSwiftPackageProductDependency section */
	};
	rootObject = 685F592B86FB4CC8BE9DE55C /* Project object */;
}
